
Microsoft Visual Studio Solution File, Format Version 12.00
# Visual Studio Version 16
VisualStudioVersion = 16.0.30011.22
MinimumVisualStudioVersion = 10.0.40219.1
Project("{FAE04EC0-301F-11D3-BF4B-00C04F79EFBC}") = "PROGRAMAS", "PROGRAMAS\PROGRAMAS.csproj", "{641CD7D4-7273-4E1F-ABC7-53F205667708}"
EndProject
Global
	GlobalSection(SolutionConfigurationPlatforms) = preSolution
		Debug|Any CPU = Debug|Any CPU
		Release|Any CPU = Release|Any CPU
	EndGlobalSection
	GlobalSection(ProjectConfigurationPlatforms) = postSolution
		{641CD7D4-7273-4E1F-ABC7-53F205667708}.Debug|Any CPU.ActiveCfg = Debug|Any CPU
		{641CD7D4-7273-4E1F-ABC7-53F205667708}.Debug|Any CPU.Build.0 = Debug|Any CPU
		{641CD7D4-7273-4E1F-ABC7-53F205667708}.Release|Any CPU.ActiveCfg = Release|Any CPU
		{641CD7D4-7273-4E1F-ABC7-53F205667708}.Release|Any CPU.Build.0 = Release|Any CPU
	EndGlobalSection
	GlobalSection(SolutionProperties) = preSolution
		HideSolutionNode = FALSE
	EndGlobalSection
	GlobalSection(ExtensibilityGlobals) = postSolution
		SolutionGuid = {EDEC1DF2-C348-4331-AC6B-8A8780BD2FC6}
	EndGlobalSection
EndGlobal
